
Microsoft Visual Studio Solution File, Format Version 12.00
# Visual Studio Version 16
VisualStudioVersion = 16.0.30611.23
MinimumVisualStudioVersion = 10.0.40219.1
Project("{FAE04EC0-301F-11D3-BF4B-00C04F79EFBC}") = "DiplomMisha", "DiplomMisha\DiplomMisha.csproj", "{38892525-05C3-428A-9160-1B5CA3E5B99E}"
EndProject
Global
	GlobalSection(SolutionConfigurationPlatforms) = preSolution
		Debug|Any CPU = Debug|Any CPU
		Release|Any CPU = Release|Any CPU
	EndGlobalSection
	GlobalSection(ProjectConfigurationPlatforms) = postSolution
		{38892525-05C3-428A-9160-1B5CA3E5B99E}.Debug|Any CPU.ActiveCfg = Debug|Any CPU
		{38892525-05C3-428A-9160-1B5CA3E5B99E}.Debug|Any CPU.Build.0 = Debug|Any CPU
		{38892525-05C3-428A-9160-1B5CA3E5B99E}.Release|Any CPU.ActiveCfg = Release|Any CPU
		{38892525-05C3-428A-9160-1B5CA3E5B99E}.Release|Any CPU.Build.0 = Release|Any CPU
	EndGlobalSection
	GlobalSection(SolutionProperties) = preSolution
		HideSolutionNode = FALSE
	EndGlobalSection
	GlobalSection(ExtensibilityGlobals) = postSolution
		SolutionGuid = {9784A06B-33C8-4C69-98E5-52EA64F397F5}
	EndGlobalSection
EndGlobal
